
Microsoft Visual Studio Solution File, Format Version 12.00
# Visual Studio Version 17
VisualStudioVersion = 17.7.34031.279
MinimumVisualStudioVersion = 10.0.40219.1
Project("{9A19103F-16F7-4668-BE54-9A1E7A4F7556}") = "Wix", "Wix.csproj", "{46A95FB1-2A08-4D7E-8E94-788A64E500F3}"
EndProject
Project("{FAE04EC0-301F-11D3-BF4B-00C04F79EFBC}") = "Wix Unit Tests", "..\Wix Unit Tests\Wix Unit Tests.csproj", "{F5E51F8B-720F-4EE6-A770-192B9A4713EB}"
EndProject
Global
	GlobalSection(SolutionConfigurationPlatforms) = preSolution
		Debug|Any CPU = Debug|Any CPU
		Release|Any CPU = Release|Any CPU
	EndGlobalSection
	GlobalSection(ProjectConfigurationPlatforms) = postSolution
		{46A95FB1-2A08-4D7E-8E94-788A64E500F3}.Debug|Any CPU.ActiveCfg = Debug|Any CPU
		{46A95FB1-2A08-4D7E-8E94-788A64E500F3}.Debug|Any CPU.Build.0 = Debug|Any CPU
		{46A95FB1-2A08-4D7E-8E94-788A64E500F3}.Release|Any CPU.ActiveCfg = Release|Any CPU
		{46A95FB1-2A08-4D7E-8E94-788A64E500F3}.Release|Any CPU.Build.0 = Release|Any CPU
		{F5E51F8B-720F-4EE6-A770-192B9A4713EB}.Debug|Any CPU.ActiveCfg = Debug|Any CPU
		{F5E51F8B-720F-4EE6-A770-192B9A4713EB}.Debug|Any CPU.Build.0 = Debug|Any CPU
		{F5E51F8B-720F-4EE6-A770-192B9A4713EB}.Release|Any CPU.ActiveCfg = Release|Any CPU
		{F5E51F8B-720F-4EE6-A770-192B9A4713EB}.Release|Any CPU.Build.0 = Release|Any CPU
	EndGlobalSection
	GlobalSection(SolutionProperties) = preSolution
		HideSolutionNode = FALSE
	EndGlobalSection
	GlobalSection(ExtensibilityGlobals) = postSolution
		SolutionGuid = {673C02C0-4778-4F2C-B9DE-C2350408DD27}
	EndGlobalSection
EndGlobal
