
Microsoft Visual Studio Solution File, Format Version 12.00
# Visual Studio Version 17
VisualStudioVersion = 17.7.34031.279
MinimumVisualStudioVersion = 10.0.40219.1
Project("{9A19103F-16F7-4668-BE54-9A1E7A4F7556}") = "Wix Unit Tests", "tests\Wix Unit Tests\Wix Unit Tests.csproj", "{4D60DC01-A32E-4132-9C53-23A7ECE6B98B}"
EndProject
Project("{9A19103F-16F7-4668-BE54-9A1E7A4F7556}") = "Wix", "src\Wix\Wix.csproj", "{3C2D6436-59B0-42EE-874D-AB91786CA540}"
EndProject
Global
	GlobalSection(SolutionConfigurationPlatforms) = preSolution
		Debug|Any CPU = Debug|Any CPU
		Release|Any CPU = Release|Any CPU
	EndGlobalSection
	GlobalSection(ProjectConfigurationPlatforms) = postSolution
		{4D60DC01-A32E-4132-9C53-23A7ECE6B98B}.Debug|Any CPU.ActiveCfg = Debug|Any CPU
		{4D60DC01-A32E-4132-9C53-23A7ECE6B98B}.Debug|Any CPU.Build.0 = Debug|Any CPU
		{4D60DC01-A32E-4132-9C53-23A7ECE6B98B}.Release|Any CPU.ActiveCfg = Release|Any CPU
		{4D60DC01-A32E-4132-9C53-23A7ECE6B98B}.Release|Any CPU.Build.0 = Release|Any CPU
		{3C2D6436-59B0-42EE-874D-AB91786CA540}.Debug|Any CPU.ActiveCfg = Debug|Any CPU
		{3C2D6436-59B0-42EE-874D-AB91786CA540}.Debug|Any CPU.Build.0 = Debug|Any CPU
		{3C2D6436-59B0-42EE-874D-AB91786CA540}.Release|Any CPU.ActiveCfg = Release|Any CPU
		{3C2D6436-59B0-42EE-874D-AB91786CA540}.Release|Any CPU.Build.0 = Release|Any CPU
	EndGlobalSection
	GlobalSection(SolutionProperties) = preSolution
		HideSolutionNode = FALSE
	EndGlobalSection
	GlobalSection(ExtensibilityGlobals) = postSolution
		SolutionGuid = {673C02C0-4778-4F2C-B9DE-C2350408DD27}
	EndGlobalSection
EndGlobal
